
Microsoft Visual Studio Solution File, Format Version 12.00
# Visual Studio Version 16
VisualStudioVersion = 16.0.33529.622
MinimumVisualStudioVersion = 10.0.40219.1
Project("{FAE04EC0-301F-11D3-BF4B-00C04F79EFBC}") = "HelloFramework", "HelloFramework.csproj", "{961FF314-9A7C-4F3C-B53F-45DB7B0DAAA4}"
EndProject
Global
	GlobalSection(SolutionConfigurationPlatforms) = preSolution
		Debug|Any CPU = Debug|Any CPU
		Release|Any CPU = Release|Any CPU
	EndGlobalSection
	GlobalSection(ProjectConfigurationPlatforms) = postSolution
		{961FF314-9A7C-4F3C-B53F-45DB7B0DAAA4}.Debug|Any CPU.ActiveCfg = Debug|Any CPU
		{961FF314-9A7C-4F3C-B53F-45DB7B0DAAA4}.Debug|Any CPU.Build.0 = Debug|Any CPU
		{961FF314-9A7C-4F3C-B53F-45DB7B0DAAA4}.Release|Any CPU.ActiveCfg = Release|Any CPU
		{961FF314-9A7C-4F3C-B53F-45DB7B0DAAA4}.Release|Any CPU.Build.0 = Release|Any CPU
	EndGlobalSection
	GlobalSection(SolutionProperties) = preSolution
		HideSolutionNode = FALSE
	EndGlobalSection
	GlobalSection(ExtensibilityGlobals) = postSolution
		SolutionGuid = {7FDC08FF-721F-40AA-8EA5-0C9AC24A5757}
	EndGlobalSection
EndGlobal
